<?xml version="1.0" encoding="utf-8"?>
<Project ToolsVersion="4.0" xmlns="http://schemas.microsoft.com/developer/msbuild/2003">
  <ItemGroup>
    <Filter Include="Source Files">
      <UniqueIdentifier>{4FC737F1-C7A5-4376-A066-2A32D752A2FF}</UniqueIdentifier>
      <Extensions>cpp;c;cc;cxx;def;odl;idl;hpj;bat;asm;asmx</Extensions>
    </Filter>
    <Filter Include="Header Files">
      <UniqueIdentifier>{93995380-89BD-4b04-88EB-625FBE52EBFB}</UniqueIdentifier>
      <Extensions>h;hh;hpp;hxx;hm;inl;inc;ipp;xsd</Extensions>
    </Filter>
    <Filter Include="Resource Files">
      <UniqueIdentifier>{67DA6AB6-F800-4c08-8B7A-83BB121AAD01}</UniqueIdentifier>
      <Extensions>rc;ico;cur;bmp;dlg;rc2;rct;bin;rgs;gif;jpg;jpeg;jpe;resx;tiff;tif;png;wav;mfcribbon-ms</Extensions>
    </Filter>
    <Filter Include="Engine">
      <UniqueIdentifier>{52eea1ea-bc1a-4803-bb7d-eaaee7c895b2}</UniqueIdentifier>
    </Filter>
    <Filter Include="Engine\AssetManager">
      <UniqueIdentifier>{9ca5d136-6ced-4e39-bacd-b990edbcffd8}</UniqueIdentifier>
    </Filter>
    <Filter Include="Engine\Camera">
      <UniqueIdentifier>{387a3346-a710-45f6-99bb-1dd36ef948c6}</UniqueIdentifier>
    </Filter>
    <Filter Include="Engine\Components">
      <UniqueIdentifier>{aa970b76-6811-43e9-9ee8-229880fa58f0}</UniqueIdentifier>
    </Filter>
    <Filter Include="Engine\Box2D">
      <UniqueIdentifier>{53fb5a52-0d20-48d0-90ac-1b5b9512bcaf}</UniqueIdentifier>
    </Filter>
    <Filter Include="Engine\Inputs">
      <UniqueIdentifier>{9a76a506-c8ad-491f-84a6-1d49188b42a8}</UniqueIdentifier>
    </Filter>
    <Filter Include="Engine\SceneSystems">
      <UniqueIdentifier>{9d9eca8e-95ab-45ad-b4b1-54f88bc185c9}</UniqueIdentifier>
    </Filter>
    <Filter Include="Engine\RenderingSystems">
      <UniqueIdentifier>{d20e8826-f53c-4871-891b-84f9e549de6b}</UniqueIdentifier>
    </Filter>
    <Filter Include="Engine\Sound">
      <UniqueIdentifier>{043ca045-f592-4477-bf87-1edea677a813}</UniqueIdentifier>
    </Filter>
    <Filter Include="Engine\ObjectClasses">
      <UniqueIdentifier>{a1b77fce-1eba-4716-a6f5-fc716af7c88d}</UniqueIdentifier>
    </Filter>
    <Filter Include="Engine\Timer">
      <UniqueIdentifier>{2ae602ba-6027-4cb9-85c0-27d5892f1e27}</UniqueIdentifier>
    </Filter>
    <Filter Include="Project">
      <UniqueIdentifier>{911c0e40-6b12-46d8-9fbd-837a37d95b44}</UniqueIdentifier>
    </Filter>
    <Filter Include="Engine\Shaders">
      <UniqueIdentifier>{4507a0d9-5779-4db2-bab1-b788d20b69d0}</UniqueIdentifier>
    </Filter>
  </ItemGroup>
  <ItemGroup>
    <ClCompile Include="Engine\Debug.cpp">
      <Filter>Engine</Filter>
    </ClCompile>
    <ClCompile Include="Engine\AssetMgr.cpp">
      <Filter>Engine\AssetManager</Filter>
    </ClCompile>
    <ClCompile Include="Engine\Camera.cpp">
      <Filter>Engine\Camera</Filter>
    </ClCompile>
    <ClCompile Include="Engine\Component.cpp">
      <Filter>Engine\Components</Filter>
    </ClCompile>
    <ClCompile Include="Engine\ContactListener.cpp">
      <Filter>Engine\Box2D</Filter>
    </ClCompile>
    <ClCompile Include="Engine\CXBOXController.cpp">
      <Filter>Engine\Inputs</Filter>
    </ClCompile>
    <ClCompile Include="Engine\Input.cpp">
      <Filter>Engine\Inputs</Filter>
    </ClCompile>
    <ClCompile Include="Engine\MeshComponent.cpp">
      <Filter>Engine\Components</Filter>
    </ClCompile>
    <ClCompile Include="Engine\RigidBody2D.cpp">
      <Filter>Engine\Components</Filter>
    </ClCompile>
    <ClCompile Include="Engine\Scene.cpp">
      <Filter>Engine\SceneSystems</Filter>
    </ClCompile>
    <ClCompile Include="Engine\SceneMgr.cpp">
      <Filter>Engine\SceneSystems</Filter>
    </ClCompile>
    <ClCompile Include="Engine\SpriteRender.cpp">
      <Filter>Engine\Components</Filter>
    </ClCompile>
    <ClCompile Include="Engine\ShaderLoader.cpp">
      <Filter>Engine\RenderingSystems</Filter>
    </ClCompile>
    <ClCompile Include="Engine\TextLoader.cpp">
      <Filter>Engine\RenderingSystems</Filter>
    </ClCompile>
    <ClCompile Include="Engine\Sound.cpp">
      <Filter>Engine\Sound</Filter>
    </ClCompile>
    <ClCompile Include="Engine\Sprite.cpp">
      <Filter>Engine\RenderingSystems</Filter>
    </ClCompile>
    <ClCompile Include="Engine\GameObject.cpp">
      <Filter>Engine\ObjectClasses</Filter>
    </ClCompile>
    <ClCompile Include="Engine\TextLabel.cpp">
      <Filter>Engine\RenderingSystems</Filter>
    </ClCompile>
    <ClCompile Include="Engine\Time.cpp">
      <Filter>Engine\Timer</Filter>
    </ClCompile>
    <ClCompile Include="Engine\Main.cpp">
      <Filter>Engine</Filter>
    </ClCompile>
    <ClCompile Include="Project\PhysicsScene.cpp">
      <Filter>Project</Filter>
    </ClCompile>
    <ClCompile Include="Project\ClothNode.cpp">
      <Filter>Project</Filter>
    </ClCompile>
    <ClCompile Include="Project\Cloth.cpp">
      <Filter>Project</Filter>
    </ClCompile>
    <ClCompile Include="Project\ClothLink.cpp">
      <Filter>Project</Filter>
    </ClCompile>
  </ItemGroup>
  <ItemGroup>
    <ClInclude Include="Engine\Debug.h">
      <Filter>Engine</Filter>
    </ClInclude>
    <ClInclude Include="Engine\Engine.h">
      <Filter>Engine</Filter>
    </ClInclude>
    <ClInclude Include="Engine\Utility.h">
      <Filter>Engine</Filter>
    </ClInclude>
    <ClInclude Include="Engine\AssetMgr.h">
      <Filter>Engine\AssetManager</Filter>
    </ClInclude>
    <ClInclude Include="Engine\Camera.h">
      <Filter>Engine\Camera</Filter>
    </ClInclude>
    <ClInclude Include="Engine\Component.h">
      <Filter>Engine\Components</Filter>
    </ClInclude>
    <ClInclude Include="Engine\ContactListener.h">
      <Filter>Engine\Box2D</Filter>
    </ClInclude>
    <ClInclude Include="Engine\CXBOXController.h">
      <Filter>Engine\Inputs</Filter>
    </ClInclude>
    <ClInclude Include="Engine\Input.h">
      <Filter>Engine\Inputs</Filter>
    </ClInclude>
    <ClInclude Include="Engine\MeshComponent.h">
      <Filter>Engine\Components</Filter>
    </ClInclude>
    <ClInclude Include="Engine\RigidBody2D.h">
      <Filter>Engine\Components</Filter>
    </ClInclude>
    <ClInclude Include="Engine\Scene.h">
      <Filter>Engine\SceneSystems</Filter>
    </ClInclude>
    <ClInclude Include="Engine\SceneMgr.h">
      <Filter>Engine\SceneSystems</Filter>
    </ClInclude>
    <ClInclude Include="Engine\SpriteRender.h">
      <Filter>Engine\Components</Filter>
    </ClInclude>
    <ClInclude Include="Engine\ShaderLoader.h">
      <Filter>Engine\RenderingSystems</Filter>
    </ClInclude>
    <ClInclude Include="Engine\TextLoader.h">
      <Filter>Engine\RenderingSystems</Filter>
    </ClInclude>
    <ClInclude Include="Engine\Sound.h">
      <Filter>Engine\Sound</Filter>
    </ClInclude>
    <ClInclude Include="Engine\Sprite.h">
      <Filter>Engine\RenderingSystems</Filter>
    </ClInclude>
    <ClInclude Include="Engine\GameObject.h">
      <Filter>Engine\ObjectClasses</Filter>
    </ClInclude>
    <ClInclude Include="Engine\TextLabel.h">
      <Filter>Engine\RenderingSystems</Filter>
    </ClInclude>
    <ClInclude Include="Engine\Time.h">
      <Filter>Engine\Timer</Filter>
    </ClInclude>
    <ClInclude Include="Project\PhysicsScene.h">
      <Filter>Project</Filter>
    </ClInclude>
    <ClInclude Include="Project\ClothNode.h">
      <Filter>Project</Filter>
    </ClInclude>
    <ClInclude Include="Project\Cloth.h">
      <Filter>Project</Filter>
    </ClInclude>
    <ClInclude Include="Project\ClothLink.h">
      <Filter>Project</Filter>
    </ClInclude>
  </ItemGroup>
  <ItemGroup>
    <None Include="Engine\Shaders\CubeMap.fs">
      <Filter>Engine\Shaders</Filter>
    </None>
    <None Include="Engine\Shaders\CubeMap.vs">
      <Filter>Engine\Shaders</Filter>
    </None>
    <None Include="Engine\Shaders\Sprite.fs">
      <Filter>Engine\Shaders</Filter>
    </None>
    <None Include="Engine\Shaders\Sprite.vs">
      <Filter>Engine\Shaders</Filter>
    </None>
    <None Include="Engine\Shaders\Text.fs">
      <Filter>Engine\Shaders</Filter>
    </None>
    <None Include="Engine\Shaders\Text.vs">
      <Filter>Engine\Shaders</Filter>
    </None>
    <None Include="Engine\Shaders\Cloth.vs">
      <Filter>Engine\Shaders</Filter>
    </None>
    <None Include="Engine\Shaders\Cloth.fs">
      <Filter>Engine\Shaders</Filter>
    </None>
    <None Include="Engine\Shaders\Terrain.fs">
      <Filter>Engine\Shaders</Filter>
    </None>
    <None Include="Engine\Shaders\Terrain.vs">
      <Filter>Engine\Shaders</Filter>
    </None>
    <None Include="Engine\Shaders\Sphere.fs">
      <Filter>Engine\Shaders</Filter>
    </None>
    <None Include="Engine\Shaders\Sphere.vs">
      <Filter>Engine\Shaders</Filter>
    </None>
  </ItemGroup>
</Project>